{
    "_readme": [
        "This file locks the dependencies of your project to a known state",
        "Read more about it at https://getcomposer.org/doc/01-basic-usage.md#composer-lock-the-lock-file",
        "This file is @generated automatically"
    ],
    "content-hash": "e85a229c63bec3585d3a3714488a2803",
    "packages": [
        {
            "name": "mashape/unirest-php",
            "version": "v3.0.4",
            "source": {
                "type": "git",
                "url": "https://github.com/Mashape/unirest-php.git",
                "reference": "842c0f242dfaaf85f16b72e217bf7f7c19ab12cb"
            },
            "dist": {
                "type": "zip",
                "url": "https://api.github.com/repos/Mashape/unirest-php/zipball/842c0f242dfaaf85f16b72e217bf7f7c19ab12cb",
                "reference": "842c0f242dfaaf85f16b72e217bf7f7c19ab12cb",
                "shasum": ""
            },
            "require": {
                "ext-curl": "*",
                "php": ">=5.4.0"
            },
            "require-dev": {
                "codeclimate/php-test-reporter": "0.1.*",
                "phpunit/phpunit": "~4.4"
            },
            "suggest": {
                "ext-json": "Allows using JSON Bodies for sending and parsing requests"
            },
            "type": "library",
            "autoload": {
                "psr-0": {
                    "Unirest\\": "src/"
                }
            },
            "notification-url": "https://packagist.org/downloads/",
            "license": [
                "MIT"
            ],
            "description": "Unirest PHP",
            "homepage": "https://github.com/Mashape/unirest-php",
            "keywords": [
                "client",
                "curl",
                "http",
                "https",
                "rest"
            ],
            "time": "2016-08-11T17:49:21+00:00"
        },
        {
            "name": "open-resource-manager/client-php",
            "version": "v1.1.6",
            "source": {
                "type": "git",
                "url": "https://github.com/OpenResourceManager/client-php.git",
                "reference": "fa468e3425d32f97294fefed77a7f096f3f8cc86"
            },
            "dist": {
                "type": "zip",
                "url": "https://api.github.com/repos/OpenResourceManager/client-php/zipball/fa468e3425d32f97294fefed77a7f096f3f8cc86",
                "reference": "fa468e3425d32f97294fefed77a7f096f3f8cc86",
                "shasum": ""
            },
            "require": {
                "mashape/unirest-php": "^3.0",
                "php": ">=5.4.0"
            },
            "require-dev": {
                "phpdocumentor/phpdocumentor": "^2.9"
            },
            "type": "library",
            "autoload": {
                "psr-4": {
                    "OpenResourceManager\\": "src/",
                    "OpenResourceManager\\Client\\": "src/Client/"
                }
            },
            "notification-url": "https://packagist.org/downloads/",
            "license": [
                "MIT"
            ],
            "authors": [
                {
                    "name": "Alex Markessinis",
                    "email": "markea125@gmail.com"
                }
            ],
            "description": "ORM client library for php.",
            "keywords": [
                "client",
                "open resource manager",
                "orm"
            ],
            "time": "2018-06-24T00:01:00+00:00"
        }
    ],
    "packages-dev": [],
    "aliases": [],
    "minimum-stability": "stable",
    "stability-flags": [],
    "prefer-stable": false,
    "prefer-lowest": false,
    "platform": [],
    "platform-dev": []
}
